# THIS IS AN AUTOGENERATED FILE. DO NOT EDIT THIS FILE DIRECTLY.
# yarn lockfile v1


"@rails/ujs@^6.1.5":
  version "6.1.5"
  resolved "https://registry.yarnpkg.com/@rails/ujs/-/ujs-6.1.5.tgz#bb1afddd0d771f00924f44b21634969e329532e1"
  integrity sha512-Ir4yd2fdDldWIghavPr874copVKf6OOoecKHZiFRlPtm38tFvhyxr+ywzNieXGwolF9JQe3D5GrM8ejkzUgh5Q==
